
Microsoft Visual Studio Solution File, Format Version 12.00
# Visual Studio 2013
VisualStudioVersion = 12.0.40629.0
MinimumVisualStudioVersion = 10.0.40219.1
Project("{FAE04EC0-301F-11D3-BF4B-00C04F79EFBC}") = "Alg1", "Alg1\Alg1.csproj", "{6E70B363-3C5F-4055-98CA-0CF9FD95DCCF}"
EndProject
Project("{FAE04EC0-301F-11D3-BF4B-00C04F79EFBC}") = "Sierpiński", "Sierpiński\Sierpiński.csproj", "{D080BDDA-A8CC-4C83-AA54-0F113254D1EB}"
EndProject
Project("{FAE04EC0-301F-11D3-BF4B-00C04F79EFBC}") = "Week2", "Week2\Week2.csproj", "{BF7C91FF-1680-431B-B241-2FBF762959BC}"
EndProject
Project("{FAE04EC0-301F-11D3-BF4B-00C04F79EFBC}") = "BinaryTree", "BinaryTree\BinaryTree.csproj", "{4E1E34AB-31A4-4527-BEB8-40F6D8DC52FF}"
EndProject
Project("{FAE04EC0-301F-11D3-BF4B-00C04F79EFBC}") = "AbstractBinaryTree", "AbstractBinaryTree\AbstractBinaryTree.csproj", "{3124C8E0-62E7-471A-84BC-A2246932376E}"
EndProject
Global
	GlobalSection(SolutionConfigurationPlatforms) = preSolution
		Debug|Any CPU = Debug|Any CPU
		Release|Any CPU = Release|Any CPU
	EndGlobalSection
	GlobalSection(ProjectConfigurationPlatforms) = postSolution
		{6E70B363-3C5F-4055-98CA-0CF9FD95DCCF}.Debug|Any CPU.ActiveCfg = Debug|Any CPU
		{6E70B363-3C5F-4055-98CA-0CF9FD95DCCF}.Debug|Any CPU.Build.0 = Debug|Any CPU
		{6E70B363-3C5F-4055-98CA-0CF9FD95DCCF}.Release|Any CPU.ActiveCfg = Release|Any CPU
		{6E70B363-3C5F-4055-98CA-0CF9FD95DCCF}.Release|Any CPU.Build.0 = Release|Any CPU
		{D080BDDA-A8CC-4C83-AA54-0F113254D1EB}.Debug|Any CPU.ActiveCfg = Debug|Any CPU
		{D080BDDA-A8CC-4C83-AA54-0F113254D1EB}.Debug|Any CPU.Build.0 = Debug|Any CPU
		{D080BDDA-A8CC-4C83-AA54-0F113254D1EB}.Release|Any CPU.ActiveCfg = Release|Any CPU
		{D080BDDA-A8CC-4C83-AA54-0F113254D1EB}.Release|Any CPU.Build.0 = Release|Any CPU
		{BF7C91FF-1680-431B-B241-2FBF762959BC}.Debug|Any CPU.ActiveCfg = Debug|Any CPU
		{BF7C91FF-1680-431B-B241-2FBF762959BC}.Debug|Any CPU.Build.0 = Debug|Any CPU
		{BF7C91FF-1680-431B-B241-2FBF762959BC}.Release|Any CPU.ActiveCfg = Release|Any CPU
		{BF7C91FF-1680-431B-B241-2FBF762959BC}.Release|Any CPU.Build.0 = Release|Any CPU
		{4E1E34AB-31A4-4527-BEB8-40F6D8DC52FF}.Debug|Any CPU.ActiveCfg = Debug|Any CPU
		{4E1E34AB-31A4-4527-BEB8-40F6D8DC52FF}.Debug|Any CPU.Build.0 = Debug|Any CPU
		{4E1E34AB-31A4-4527-BEB8-40F6D8DC52FF}.Release|Any CPU.ActiveCfg = Release|Any CPU
		{4E1E34AB-31A4-4527-BEB8-40F6D8DC52FF}.Release|Any CPU.Build.0 = Release|Any CPU
		{3124C8E0-62E7-471A-84BC-A2246932376E}.Debug|Any CPU.ActiveCfg = Debug|Any CPU
		{3124C8E0-62E7-471A-84BC-A2246932376E}.Debug|Any CPU.Build.0 = Debug|Any CPU
		{3124C8E0-62E7-471A-84BC-A2246932376E}.Release|Any CPU.ActiveCfg = Release|Any CPU
		{3124C8E0-62E7-471A-84BC-A2246932376E}.Release|Any CPU.Build.0 = Release|Any CPU
	EndGlobalSection
	GlobalSection(SolutionProperties) = preSolution
		HideSolutionNode = FALSE
	EndGlobalSection
EndGlobal
